
Microsoft Visual Studio Solution File, Format Version 12.00
# Visual Studio Version 17
VisualStudioVersion = 17.4.33213.308
MinimumVisualStudioVersion = 10.0.40219.1
Project("{FAE04EC0-301F-11D3-BF4B-00C04F79EFBC}") = "advance", "advance\advance.csproj", "{B7130B31-2A77-492E-8132-BB6AED76799A}"
EndProject
Global
	GlobalSection(SolutionConfigurationPlatforms) = preSolution
		Debug|Any CPU = Debug|Any CPU
		Release|Any CPU = Release|Any CPU
	EndGlobalSection
	GlobalSection(ProjectConfigurationPlatforms) = postSolution
		{B7130B31-2A77-492E-8132-BB6AED76799A}.Debug|Any CPU.ActiveCfg = Debug|Any CPU
		{B7130B31-2A77-492E-8132-BB6AED76799A}.Debug|Any CPU.Build.0 = Debug|Any CPU
		{B7130B31-2A77-492E-8132-BB6AED76799A}.Release|Any CPU.ActiveCfg = Release|Any CPU
		{B7130B31-2A77-492E-8132-BB6AED76799A}.Release|Any CPU.Build.0 = Release|Any CPU
	EndGlobalSection
	GlobalSection(SolutionProperties) = preSolution
		HideSolutionNode = FALSE
	EndGlobalSection
	GlobalSection(ExtensibilityGlobals) = postSolution
		SolutionGuid = {F258FBF2-EF99-4C71-BD4A-2509EA6ED6C0}
	EndGlobalSection
EndGlobal
